// !$*UTF8*$!
{
	archiveVersion = 1;
	classes = {
	};
	objectVersion = 48;
	objects = {

/* Begin PBXBuildFile section */
		409505C920E7111900251843 /* AppDelegate.m in Sources */ = {isa = PBXBuildFile; fileRef = 409505C820E7111900251843 /* AppDelegate.m */; };
		409505CC20E7111900251843 /* ViewController.m in Sources */ = {isa = PBXBuildFile; fileRef = 409505CB20E7111900251843 /* ViewController.m */; };
		409505CF20E7111900251843 /* Main.storyboard in Resources */ = {isa = PBXBuildFile; fileRef = 409505CD20E7111900251843 /* Main.storyboard */; };
		409505D120E7111900251843 /* Assets.xcassets in Resources */ = {isa = PBXBuildFile; fileRef = 409505D020E7111900251843 /* Assets.xcassets */; };
		409505D420E7111900251843 /* LaunchScreen.storyboard in Resources */ = {isa = PBXBuildFile; fileRef = 409505D220E7111900251843 /* LaunchScreen.storyboard */; };
		409505D720E7111900251843 /* main.m in Sources */ = {isa = PBXBuildFile; fileRef = 409505D620E7111900251843 /* main.m */; };
		409505E120E7111900251843 /* RunLoopTests.m in Sources */ = {isa = PBXBuildFile; fileRef = 409505E020E7111900251843 /* RunLoopTests.m */; };
		409505EC20E7111900251843 /* RunLoopUITests.m in Sources */ = {isa = PBXBuildFile; fileRef = 409505EB20E7111900251843 /* RunLoopUITests.m */; };
/* End PBXBuildFile section */

/* Begin PBXContainerItemProxy section */
		409505DD20E7111900251843 /* PBXContainerItemProxy */ = {
			isa = PBXContainerItemProxy;
			containerPortal = 409505BC20E7111900251843 /* Project object */;
			proxyType = 1;
			remoteGlobalIDString = 409505C320E7111900251843;
			remoteInfo = RunLoop;
		};
		409505E820E7111900251843 /* PBXContainerItemProxy */ = {
			isa = PBXContainerItemProxy;
			containerPortal = 409505BC20E7111900251843 /* Project object */;
			proxyType = 1;
			remoteGlobalIDString = 409505C320E7111900251843;
			remoteInfo = RunLoop;
		};
/* End PBXContainerItemProxy section */

/* Begin PBXFileReference section */
		409505C420E7111900251843 /* RunLoop.app */ = {isa = PBXFileReference; explicitFileType = wrapper.application; includeInIndex = 0; path = RunLoop.app; sourceTree = BUILT_PRODUCTS_DIR; };
		409505C720E7111900251843 /* AppDelegate.h */ = {isa = PBXFileReference; lastKnownFileType = sourcecode.c.h; path = AppDelegate.h; sourceTree = "<group>"; };
		409505C820E7111900251843 /* AppDelegate.m */ = {isa = PBXFileReference; lastKnownFileType = sourcecode.c.objc; path = AppDelegate.m; sourceTree = "<group>"; };
		409505CA20E7111900251843 /* ViewController.h */ = {isa = PBXFileReference; lastKnownFileType = sourcecode.c.h; path = ViewController.h; sourceTree = "<group>"; };
		409505CB20E7111900251843 /* ViewController.m */ = {isa = PBXFileReference; lastKnownFileType = sourcecode.c.objc; path = ViewController.m; sourceTree = "<group>"; };
		409505CE20E7111900251843 /* Base */ = {isa = PBXFileReference; lastKnownFileType = file.storyboard; name = Base; path = Base.lproj/Main.storyboard; sourceTree = "<group>"; };
		409505D020E7111900251843 /* Assets.xcassets */ = {isa = PBXFileReference; lastKnownFileType = folder.assetcatalog; path = Assets.xcassets; sourceTree = "<group>"; };
		409505D320E7111900251843 /* Base */ = {isa = PBXFileReference; lastKnownFileType = file.storyboard; name = Base; path = Base.lproj/LaunchScreen.storyboard; sourceTree = "<group>"; };
		409505D520E7111900251843 /* Info.plist */ = {isa = PBXFileReference; lastKnownFileType = text.plist.xml; path = Info.plist; sourceTree = "<group>"; };
		409505D620E7111900251843 /* main.m */ = {isa = PBXFileReference; lastKnownFileType = sourcecode.c.objc; path = main.m; sourceTree = "<group>"; };
		409505DC20E7111900251843 /* RunLoopTests.xctest */ = {isa = PBXFileReference; explicitFileType = wrapper.cfbundle; includeInIndex = 0; path = RunLoopTests.xctest; sourceTree = BUILT_PRODUCTS_DIR; };
		409505E020E7111900251843 /* RunLoopTests.m */ = {isa = PBXFileReference; lastKnownFileType = sourcecode.c.objc; path = RunLoopTests.m; sourceTree = "<group>"; };
		409505E220E7111900251843 /* Info.plist */ = {isa = PBXFileReference; lastKnownFileType = text.plist.xml; path = Info.plist; sourceTree = "<group>"; };
		409505E720E7111900251843 /* RunLoopUITests.xctest */ = {isa = PBXFileReference; explicitFileType = wrapper.cfbundle; includeInIndex = 0; path = RunLoopUITests.xctest; sourceTree = BUILT_PRODUCTS_DIR; };
		409505EB20E7111900251843 /* RunLoopUITests.m */ = {isa = PBXFileReference; lastKnownFileType = sourcecode.c.objc; path = RunLoopUITests.m; sourceTree = "<group>"; };
		409505ED20E7111900251843 /* Info.plist */ = {isa = PBXFileReference; lastKnownFileType = text.plist.xml; path = Info.plist; sourceTree = "<group>"; };
/* End PBXFileReference section */

/* Begin PBXFrameworksBuildPhase section */
		409505C120E7111900251843 /* Frameworks */ = {
			isa = PBXFrameworksBuildPhase;
			buildActionMask = 2147483647;
			files = (
			);
			runOnlyForDeploymentPostprocessing = 0;
		};
		409505D920E7111900251843 /* Frameworks */ = {
			isa = PBXFrameworksBuildPhase;
			buildActionMask = 2147483647;
			files = (
			);
			runOnlyForDeploymentPostprocessing = 0;
		};
		409505E420E7111900251843 /* Frameworks */ = {
			isa = PBXFrameworksBuildPhase;
			buildActionMask = 2147483647;
			files = (
			);
			runOnlyForDeploymentPostprocessing = 0;
		};
/* End PBXFrameworksBuildPhase section */

/* Begin PBXGroup section */
		409505BB20E7111900251843 = {
			isa = PBXGroup;
			children = (
				409505C620E7111900251843 /* RunLoop */,
				409505DF20E7111900251843 /* RunLoopTests */,
				409505EA20E7111900251843 /* RunLoopUITests */,
				409505C520E7111900251843 /* Products */,
			);
			sourceTree = "<group>";
		};
		409505C520E7111900251843 /* Products */ = {
			isa = PBXGroup;
			children = (
				409505C420E7111900251843 /* RunLoop.app */,
				409505DC20E7111900251843 /* RunLoopTests.xctest */,
				409505E720E7111900251843 /* RunLoopUITests.xctest */,
			);
			name = Products;
			sourceTree = "<group>";
		};
		409505C620E7111900251843 /* RunLoop */ = {
			isa = PBXGroup;
			children = (
				409505C720E7111900251843 /* AppDelegate.h */,
				409505C820E7111900251843 /* AppDelegate.m */,
				409505CA20E7111900251843 /* ViewController.h */,
				409505CB20E7111900251843 /* ViewController.m */,
				409505CD20E7111900251843 /* Main.storyboard */,
				409505D020E7111900251843 /* Assets.xcassets */,
				409505D220E7111900251843 /* LaunchScreen.storyboard */,
				409505D520E7111900251843 /* Info.plist */,
				409505D620E7111900251843 /* main.m */,
			);
			path = RunLoop;
			sourceTree = "<group>";
		};
		409505DF20E7111900251843 /* RunLoopTests */ = {
			isa = PBXGroup;
			children = (
				409505E020E7111900251843 /* RunLoopTests.m */,
				409505E220E7111900251843 /* Info.plist */,
			);
			path = RunLoopTests;
			sourceTree = "<group>";
		};
		409505EA20E7111900251843 /* RunLoopUITests */ = {
			isa = PBXGroup;
			children = (
				409505EB20E7111900251843 /* RunLoopUITests.m */,
				409505ED20E7111900251843 /* Info.plist */,
			);
			path = RunLoopUITests;
			sourceTree = "<group>";
		};
/* End PBXGroup section */

/* Begin PBXNativeTarget section */
		409505C320E7111900251843 /* RunLoop */ = {
			isa = PBXNativeTarget;
			buildConfigurationList = 409505F020E7111900251843 /* Build configuration list for PBXNativeTarget "RunLoop" */;
			buildPhases = (
				409505C020E7111900251843 /* Sources */,
				409505C120E7111900251843 /* Frameworks */,
				409505C220E7111900251843 /* Resources */,
			);
			buildRules = (
			);
			dependencies = (
			);
			name = RunLoop;
			productName = RunLoop;
			productReference = 409505C420E7111900251843 /* RunLoop.app */;
			productType = "com.apple.product-type.application";
		};
		409505DB20E7111900251843 /* RunLoopTests */ = {
			isa = PBXNativeTarget;
			buildConfigurationList = 409505F320E7111900251843 /* Build configuration list for PBXNativeTarget "RunLoopTests" */;
			buildPhases = (
				409505D820E7111900251843 /* Sources */,
				409505D920E7111900251843 /* Frameworks */,
				409505DA20E7111900251843 /* Resources */,
			);
			buildRules = (
			);
			dependencies = (
				409505DE20E7111900251843 /* PBXTargetDependency */,
			);
			name = RunLoopTests;
			productName = RunLoopTests;
			productReference = 409505DC20E7111900251843 /* RunLoopTests.xctest */;
			productType = "com.apple.product-type.bundle.unit-test";
		};
		409505E620E7111900251843 /* RunLoopUITests */ = {
			isa = PBXNativeTarget;
			buildConfigurationList = 409505F620E7111900251843 /* Build configuration list for PBXNativeTarget "RunLoopUITests" */;
			buildPhases = (
				409505E320E7111900251843 /* Sources */,
				409505E420E7111900251843 /* Frameworks */,
				409505E520E7111900251843 /* Resources */,
			);
			buildRules = (
			);
			dependencies = (
				409505E920E7111900251843 /* PBXTargetDependency */,
			);
			name = RunLoopUITests;
			productName = RunLoopUITests;
			productReference = 409505E720E7111900251843 /* RunLoopUITests.xctest */;
			productType = "com.apple.product-type.bundle.ui-testing";
		};
/* End PBXNativeTarget section */

/* Begin PBXProject section */
		409505BC20E7111900251843 /* Project object */ = {
			isa = PBXProject;
			attributes = {
				LastUpgradeCheck = 0920;
				ORGANIZATIONNAME = cs;
				TargetAttributes = {
					409505C320E7111900251843 = {
						CreatedOnToolsVersion = 9.2;
						ProvisioningStyle = Automatic;
					};
					409505DB20E7111900251843 = {
						CreatedOnToolsVersion = 9.2;
						ProvisioningStyle = Automatic;
						TestTargetID = 409505C320E7111900251843;
					};
					409505E620E7111900251843 = {
						CreatedOnToolsVersion = 9.2;
						ProvisioningStyle = Automatic;
						TestTargetID = 409505C320E7111900251843;
					};
				};
			};
			buildConfigurationList = 409505BF20E7111900251843 /* Build configuration list for PBXProject "RunLoop" */;
			compatibilityVersion = "Xcode 8.0";
			developmentRegion = en;
			hasScannedForEncodings = 0;
			knownRegions = (
				en,
				Base,
			);
			mainGroup = 409505BB20E7111900251843;
			productRefGroup = 409505C520E7111900251843 /* Products */;
			projectDirPath = "";
			projectRoot = "";
			targets = (
				409505C320E7111900251843 /* RunLoop */,
				409505DB20E7111900251843 /* RunLoopTests */,
				409505E620E7111900251843 /* RunLoopUITests */,
			);
		};
/* End PBXProject section */

/* Begin PBXResourcesBuildPhase section */
		409505C220E7111900251843 /* Resources */ = {
			isa = PBXResourcesBuildPhase;
			buildActionMask = 2147483647;
			files = (
				409505D420E7111900251843 /* LaunchScreen.storyboard in Resources */,
				409505D120E7111900251843 /* Assets.xcassets in Resources */,
				409505CF20E7111900251843 /* Main.storyboard in Resources */,
			);
			runOnlyForDeploymentPostprocessing = 0;
		};
		409505DA20E7111900251843 /* Resources */ = {
			isa = PBXResourcesBuildPhase;
			buildActionMask = 2147483647;
			files = (
			);
			runOnlyForDeploymentPostprocessing = 0;
		};
		409505E520E7111900251843 /* Resources */ = {
			isa = PBXResourcesBuildPhase;
			buildActionMask = 2147483647;
			files = (
			);
			runOnlyForDeploymentPostprocessing = 0;
		};
/* End PBXResourcesBuildPhase section */

/* Begin PBXSourcesBuildPhase section */
		409505C020E7111900251843 /* Sources */ = {
			isa = PBXSourcesBuildPhase;
			buildActionMask = 2147483647;
			files = (
				409505CC20E7111900251843 /* ViewController.m in Sources */,
				409505D720E7111900251843 /* main.m in Sources */,
				409505C920E7111900251843 /* AppDelegate.m in Sources */,
			);
			runOnlyForDeploymentPostprocessing = 0;
		};
		409505D820E7111900251843 /* Sources */ = {
			isa = PBXSourcesBuildPhase;
			buildActionMask = 2147483647;
			files = (
				409505E120E7111900251843 /* RunLoopTests.m in Sources */,
			);
			runOnlyForDeploymentPostprocessing = 0;
		};
		409505E320E7111900251843 /* Sources */ = {
			isa = PBXSourcesBuildPhase;
			buildActionMask = 2147483647;
			files = (
				409505EC20E7111900251843 /* RunLoopUITests.m in Sources */,
			);
			runOnlyForDeploymentPostprocessing = 0;
		};
/* End PBXSourcesBuildPhase section */

/* Begin PBXTargetDependency section */
		409505DE20E7111900251843 /* PBXTargetDependency */ = {
			isa = PBXTargetDependency;
			target = 409505C320E7111900251843 /* RunLoop */;
			targetProxy = 409505DD20E7111900251843 /* PBXContainerItemProxy */;
		};
		409505E920E7111900251843 /* PBXTargetDependency */ = {
			isa = PBXTargetDependency;
			target = 409505C320E7111900251843 /* RunLoop */;
			targetProxy = 409505E820E7111900251843 /* PBXContainerItemProxy */;
		};
/* End PBXTargetDependency section */

/* Begin PBXVariantGroup section */
		409505CD20E7111900251843 /* Main.storyboard */ = {
			isa = PBXVariantGroup;
			children = (
				409505CE20E7111900251843 /* Base */,
			);
			name = Main.storyboard;
			sourceTree = "<group>";
		};
		409505D220E7111900251843 /* LaunchScreen.storyboard */ = {
			isa = PBXVariantGroup;
			children = (
				409505D320E7111900251843 /* Base */,
			);
			name = LaunchScreen.storyboard;
			sourceTree = "<group>";
		};
/* End PBXVariantGroup section */

/* Begin XCBuildConfiguration section */
		409505EE20E7111900251843 /* Debug */ = {
			isa = XCBuildConfiguration;
			buildSettings = {
				ALWAYS_SEARCH_USER_PATHS = NO;
				CLANG_ANALYZER_NONNULL = YES;
				CLANG_ANALYZER_NUMBER_OBJECT_CONVERSION = YES_AGGRESSIVE;
				CLANG_CXX_LANGUAGE_STANDARD = "gnu++14";
				CLANG_CXX_LIBRARY = "libc++";
				CLANG_ENABLE_MODULES = YES;
				CLANG_ENABLE_OBJC_ARC = YES;
				CLANG_WARN_BLOCK_CAPTURE_AUTORELEASING = YES;
				CLANG_WARN_BOOL_CONVERSION = YES;
				CLANG_WARN_COMMA = YES;
				CLANG_WARN_CONSTANT_CONVERSION = YES;
				CLANG_WARN_DIRECT_OBJC_ISA_USAGE = YES_ERROR;
				CLANG_WARN_DOCUMENTATION_COMMENTS = YES;
				CLANG_WARN_EMPTY_BODY = YES;
				CLANG_WARN_ENUM_CONVERSION = YES;
				CLANG_WARN_INFINITE_RECURSION = YES;
				CLANG_WARN_INT_CONVERSION = YES;
				CLANG_WARN_NON_LITERAL_NULL_CONVERSION = YES;
				CLANG_WARN_OBJC_LITERAL_CONVERSION = YES;
				CLANG_WARN_OBJC_ROOT_CLASS = YES_ERROR;
				CLANG_WARN_RANGE_LOOP_ANALYSIS = YES;
				CLANG_WARN_STRICT_PROTOTYPES = YES;
				CLANG_WARN_SUSPICIOUS_MOVE = YES;
				CLANG_WARN_UNGUARDED_AVAILABILITY = YES_AGGRESSIVE;
				CLANG_WARN_UNREACHABLE_CODE = YES;
				CLANG_WARN__DUPLICATE_METHOD_MATCH = YES;
				CODE_SIGN_IDENTITY = "iPhone Developer";
				COPY_PHASE_STRIP = NO;
				DEBUG_INFORMATION_FORMAT = dwarf;
				ENABLE_STRICT_OBJC_MSGSEND = YES;
				ENABLE_TESTABILITY = YES;
				GCC_C_LANGUAGE_STANDARD = gnu11;
				GCC_DYNAMIC_NO_PIC = NO;
				GCC_NO_COMMON_BLOCKS = YES;
				GCC_OPTIMIZATION_LEVEL = 0;
				GCC_PREPROCESSOR_DEFINITIONS = (
					"DEBUG=1",
					"$(inherited)",
				);
				GCC_WARN_64_TO_32_BIT_CONVERSION = YES;
				GCC_WARN_ABOUT_RETURN_TYPE = YES_ERROR;
				GCC_WARN_UNDECLARED_SELECTOR = YES;
				GCC_WARN_UNINITIALIZED_AUTOS = YES_AGGRESSIVE;
				GCC_WARN_UNUSED_FUNCTION = YES;
				GCC_WARN_UNUSED_VARIABLE = YES;
				IPHONEOS_DEPLOYMENT_TARGET = 11.2;
				MTL_ENABLE_DEBUG_INFO = YES;
				ONLY_ACTIVE_ARCH = YES;
				SDKROOT = iphoneos;
			};
			name = Debug;
		};
		409505EF20E7111900251843 /* Release */ = {
			isa = XCBuildConfiguration;
			buildSettings = {
				ALWAYS_SEARCH_USER_PATHS = NO;
				CLANG_ANALYZER_NONNULL = YES;
				CLANG_ANALYZER_NUMBER_OBJECT_CONVERSION = YES_AGGRESSIVE;
				CLANG_CXX_LANGUAGE_STANDARD = "gnu++14";
				CLANG_CXX_LIBRARY = "libc++";
				CLANG_ENABLE_MODULES = YES;
				CLANG_ENABLE_OBJC_ARC = YES;
				CLANG_WARN_BLOCK_CAPTURE_AUTORELEASING = YES;
				CLANG_WARN_BOOL_CONVERSION = YES;
				CLANG_WARN_COMMA = YES;
				CLANG_WARN_CONSTANT_CONVERSION = YES;
				CLANG_WARN_DIRECT_OBJC_ISA_USAGE = YES_ERROR;
				CLANG_WARN_DOCUMENTATION_COMMENTS = YES;
				CLANG_WARN_EMPTY_BODY = YES;
				CLANG_WARN_ENUM_CONVERSION = YES;
				CLANG_WARN_INFINITE_RECURSION = YES;
				CLANG_WARN_INT_CONVERSION = YES;
				CLANG_WARN_NON_LITERAL_NULL_CONVERSION = YES;
				CLANG_WARN_OBJC_LITERAL_CONVERSION = YES;
				CLANG_WARN_OBJC_ROOT_CLASS = YES_ERROR;
				CLANG_WARN_RANGE_LOOP_ANALYSIS = YES;
				CLANG_WARN_STRICT_PROTOTYPES = YES;
				CLANG_WARN_SUSPICIOUS_MOVE = YES;
				CLANG_WARN_UNGUARDED_AVAILABILITY = YES_AGGRESSIVE;
				CLANG_WARN_UNREACHABLE_CODE = YES;
				CLANG_WARN__DUPLICATE_METHOD_MATCH = YES;
				CODE_SIGN_IDENTITY = "iPhone Developer";
				COPY_PHASE_STRIP = NO;
				DEBUG_INFORMATION_FORMAT = "dwarf-with-dsym";
				ENABLE_NS_ASSERTIONS = NO;
				ENABLE_STRICT_OBJC_MSGSEND = YES;
				GCC_C_LANGUAGE_STANDARD = gnu11;
				GCC_NO_COMMON_BLOCKS = YES;
				GCC_WARN_64_TO_32_BIT_CONVERSION = YES;
				GCC_WARN_ABOUT_RETURN_TYPE = YES_ERROR;
				GCC_WARN_UNDECLARED_SELECTOR = YES;
				GCC_WARN_UNINITIALIZED_AUTOS = YES_AGGRESSIVE;
				GCC_WARN_UNUSED_FUNCTION = YES;
				GCC_WARN_UNUSED_VARIABLE = YES;
				IPHONEOS_DEPLOYMENT_TARGET = 11.2;
				MTL_ENABLE_DEBUG_INFO = NO;
				SDKROOT = iphoneos;
				VALIDATE_PRODUCT = YES;
			};
			name = Release;
		};
		409505F120E7111900251843 /* Debug */ = {
			isa = XCBuildConfiguration;
			buildSettings = {
				ASSETCATALOG_COMPILER_APPICON_NAME = AppIcon;
				CODE_SIGN_STYLE = Automatic;
				DEVELOPMENT_TEAM = C2V259WG54;
				INFOPLIST_FILE = RunLoop/Info.plist;
				LD_RUNPATH_SEARCH_PATHS = "$(inherited) @executable_path/Frameworks";
				PRODUCT_BUNDLE_IDENTIFIER = banggood.RunLoop;
				PRODUCT_NAME = "$(TARGET_NAME)";
				TARGETED_DEVICE_FAMILY = "1,2";
			};
			name = Debug;
		};
		409505F220E7111900251843 /* Release */ = {
			isa = XCBuildConfiguration;
			buildSettings = {
				ASSETCATALOG_COMPILER_APPICON_NAME = AppIcon;
				CODE_SIGN_STYLE = Automatic;
				DEVELOPMENT_TEAM = C2V259WG54;
				INFOPLIST_FILE = RunLoop/Info.plist;
				LD_RUNPATH_SEARCH_PATHS = "$(inherited) @executable_path/Frameworks";
				PRODUCT_BUNDLE_IDENTIFIER = banggood.RunLoop;
				PRODUCT_NAME = "$(TARGET_NAME)";
				TARGETED_DEVICE_FAMILY = "1,2";
			};
			name = Release;
		};
		409505F420E7111900251843 /* Debug */ = {
			isa = XCBuildConfiguration;
			buildSettings = {
				BUNDLE_LOADER = "$(TEST_HOST)";
				CODE_SIGN_STYLE = Automatic;
				DEVELOPMENT_TEAM = C2V259WG54;
				INFOPLIST_FILE = RunLoopTests/Info.plist;
				LD_RUNPATH_SEARCH_PATHS = "$(inherited) @executable_path/Frameworks @loader_path/Frameworks";
				PRODUCT_BUNDLE_IDENTIFIER = banggood.RunLoopTests;
				PRODUCT_NAME = "$(TARGET_NAME)";
				TARGETED_DEVICE_FAMILY = "1,2";
				TEST_HOST = "$(BUILT_PRODUCTS_DIR)/RunLoop.app/RunLoop";
			};
			name = Debug;
		};
		409505F520E7111900251843 /* Release */ = {
			isa = XCBuildConfiguration;
			buildSettings = {
				BUNDLE_LOADER = "$(TEST_HOST)";
				CODE_SIGN_STYLE = Automatic;
				DEVELOPMENT_TEAM = C2V259WG54;
				INFOPLIST_FILE = RunLoopTests/Info.plist;
				LD_RUNPATH_SEARCH_PATHS = "$(inherited) @executable_path/Frameworks @loader_path/Frameworks";
				PRODUCT_BUNDLE_IDENTIFIER = banggood.RunLoopTests;
				PRODUCT_NAME = "$(TARGET_NAME)";
				TARGETED_DEVICE_FAMILY = "1,2";
				TEST_HOST = "$(BUILT_PRODUCTS_DIR)/RunLoop.app/RunLoop";
			};
			name = Release;
		};
		409505F720E7111900251843 /* Debug */ = {
			isa = XCBuildConfiguration;
			buildSettings = {
				CODE_SIGN_STYLE = Automatic;
				DEVELOPMENT_TEAM = C2V259WG54;
				INFOPLIST_FILE = RunLoopUITests/Info.plist;
				LD_RUNPATH_SEARCH_PATHS = "$(inherited) @executable_path/Frameworks @loader_path/Frameworks";
				PRODUCT_BUNDLE_IDENTIFIER = banggood.RunLoopUITests;
				PRODUCT_NAME = "$(TARGET_NAME)";
				TARGETED_DEVICE_FAMILY = "1,2";
				TEST_TARGET_NAME = RunLoop;
			};
			name = Debug;
		};
		409505F820E7111900251843 /* Release */ = {
			isa = XCBuildConfiguration;
			buildSettings = {
				CODE_SIGN_STYLE = Automatic;
				DEVELOPMENT_TEAM = C2V259WG54;
				INFOPLIST_FILE = RunLoopUITests/Info.plist;
				LD_RUNPATH_SEARCH_PATHS = "$(inherited) @executable_path/Frameworks @loader_path/Frameworks";
				PRODUCT_BUNDLE_IDENTIFIER = banggood.RunLoopUITests;
				PRODUCT_NAME = "$(TARGET_NAME)";
				TARGETED_DEVICE_FAMILY = "1,2";
				TEST_TARGET_NAME = RunLoop;
			};
			name = Release;
		};
/* End XCBuildConfiguration section */

/* Begin XCConfigurationList section */
		409505BF20E7111900251843 /* Build configuration list for PBXProject "RunLoop" */ = {
			isa = XCConfigurationList;
			buildConfigurations = (
				409505EE20E7111900251843 /* Debug */,
				409505EF20E7111900251843 /* Release */,
			);
			defaultConfigurationIsVisible = 0;
			defaultConfigurationName = Release;
		};
		409505F020E7111900251843 /* Build configuration list for PBXNativeTarget "RunLoop" */ = {
			isa = XCConfigurationList;
			buildConfigurations = (
				409505F120E7111900251843 /* Debug */,
				409505F220E7111900251843 /* Release */,
			);
			defaultConfigurationIsVisible = 0;
			defaultConfigurationName = Release;
		};
		409505F320E7111900251843 /* Build configuration list for PBXNativeTarget "RunLoopTests" */ = {
			isa = XCConfigurationList;
			buildConfigurations = (
				409505F420E7111900251843 /* Debug */,
				409505F520E7111900251843 /* Release */,
			);
			defaultConfigurationIsVisible = 0;
			defaultConfigurationName = Release;
		};
		409505F620E7111900251843 /* Build configuration list for PBXNativeTarget "RunLoopUITests" */ = {
			isa = XCConfigurationList;
			buildConfigurations = (
				409505F720E7111900251843 /* Debug */,
				409505F820E7111900251843 /* Release */,
			);
			defaultConfigurationIsVisible = 0;
			defaultConfigurationName = Release;
		};
/* End XCConfigurationList section */
	};
	rootObject = 409505BC20E7111900251843 /* Project object */;
}
